
Microsoft Visual Studio Solution File, Format Version 12.00
Project("{FAE04EC0-301F-11D3-BF4B-00C04F79EFBC}") = "EasyKanjiServer", "EasyKanjiServer\EasyKanjiServer.csproj", "{38D2D04B-B7AA-4F3E-B2C6-4EB3C22E2165}"
EndProject
Global
	GlobalSection(SolutionConfigurationPlatforms) = preSolution
		Debug|Any CPU = Debug|Any CPU
		Release|Any CPU = Release|Any CPU
	EndGlobalSection
	GlobalSection(ProjectConfigurationPlatforms) = postSolution
		{38D2D04B-B7AA-4F3E-B2C6-4EB3C22E2165}.Debug|Any CPU.ActiveCfg = Debug|Any CPU
		{38D2D04B-B7AA-4F3E-B2C6-4EB3C22E2165}.Debug|Any CPU.Build.0 = Debug|Any CPU
		{38D2D04B-B7AA-4F3E-B2C6-4EB3C22E2165}.Release|Any CPU.ActiveCfg = Release|Any CPU
		{38D2D04B-B7AA-4F3E-B2C6-4EB3C22E2165}.Release|Any CPU.Build.0 = Release|Any CPU
	EndGlobalSection
EndGlobal
